
Microsoft Visual Studio Solution File, Format Version 12.00
# Visual Studio 2017
Project("{FAE04EC0-301F-11D3-BF4B-00C04F79EFBC}") = "EVR Playground", "EVR Playground.csproj", "{27C26D60-ED1E-33A6-0307-A8C3CD3B1D7B}"
EndProject
Project("{FAE04EC0-301F-11D3-BF4B-00C04F79EFBC}") = "EVR Playground.Editor", "EVR Playground.Editor.csproj", "{2B20B73A-36BC-CEE4-245C-FBD907499EB5}"
EndProject
Global
	GlobalSection(SolutionConfigurationPlatforms) = preSolution
		Debug|Any CPU = Debug|Any CPU
		Release|Any CPU = Release|Any CPU
	EndGlobalSection
	GlobalSection(ProjectConfigurationPlatforms) = postSolution
		{27C26D60-ED1E-33A6-0307-A8C3CD3B1D7B}.Debug|Any CPU.ActiveCfg = Debug|Any CPU
		{27C26D60-ED1E-33A6-0307-A8C3CD3B1D7B}.Debug|Any CPU.Build.0 = Debug|Any CPU
		{27C26D60-ED1E-33A6-0307-A8C3CD3B1D7B}.Release|Any CPU.ActiveCfg = Release|Any CPU
		{27C26D60-ED1E-33A6-0307-A8C3CD3B1D7B}.Release|Any CPU.Build.0 = Release|Any CPU
		{2B20B73A-36BC-CEE4-245C-FBD907499EB5}.Debug|Any CPU.ActiveCfg = Debug|Any CPU
		{2B20B73A-36BC-CEE4-245C-FBD907499EB5}.Debug|Any CPU.Build.0 = Debug|Any CPU
		{2B20B73A-36BC-CEE4-245C-FBD907499EB5}.Release|Any CPU.ActiveCfg = Release|Any CPU
		{2B20B73A-36BC-CEE4-245C-FBD907499EB5}.Release|Any CPU.Build.0 = Release|Any CPU
	EndGlobalSection
	GlobalSection(SolutionProperties) = preSolution
		HideSolutionNode = FALSE
	EndGlobalSection
EndGlobal
